{
  "pins" : [
    {
      "identity" : "xctest-dynamic-overlay",
      "kind" : "remoteSourceControl",
      "location" : "https://github.com/pointfreeco/xctest-dynamic-overlay.git",
      "state" : {
        "revision" : "38bc9242e4388b80bd23ddfdf3071428859e3260",
        "version" : "0.4.0"
      }
    }
  ],
  "version" : 2
}
